github.com/gohugoio/hugo-mod-bootstrap-scss/v5 v5.20300.20400 h1:L6+F22i76xmeWWwrtijAhUbf3BiRLmpO5j34bgl1ggU=
github.com/gohugoio/hugo-mod-bootstrap-scss/v5 v5.20300.20400/go.mod h1:uekq1D4ebeXgduLj8VIZy8TgfTjrLdSl6nPtVczso78=
github.com/gohugoio/hugo-mod-jslibs-dist/popperjs/v2 v2.21100.20000 h1:GZxx4Hc+yb0/t3/rau1j8XlAxLE4CyXns2fqQbyqWfs=
github.com/gohugoio/hugo-mod-jslibs-dist/popperjs/v2 v2.21100.20000/go.mod h1:mFberT6ZtcchrsDtfvJM7aAH2bDKLdOnruUHl0hlapI=
github.com/hbstack/background-image v0.2.1 h1:IRa4pGsv6/OdCytpogaWZJdERV1LYV+3J/LG4WIHlq0=
github.com/hbstack/background-image v0.2.1/go.mod h1:2lZhfQwZy7SWVmRU/kPEaEgzgXypBnXBlipQweJbWPQ=
github.com/hbstack/base v0.6.2 h1:ihsxMroTujvjVnKZwueujELNXGo9gsCQdrBrJ32zkuU=
github.com/hbstack/base v0.6.2/go.mod h1:eO3xP3CJ2Dwc38+FjVqZuzmvT8dYF2D2Dw4Sx4pi9Ng=
github.com/hbstack/footer v0.4.1 h1:dGEIcqCM6K/s9bygnFQlPcVMJn+BblAjaESied8H7ug=
github.com/hbstack/footer v0.4.1/go.mod h1:EvignAN0ShrWDbPAlf9+lrRfJSha9G4wYPDUed4wPzg=
github.com/hbstack/hb v0.16.2 h1:4hUaWygXmZA26cToXj/hXmMuQzsprNdkBuE4Rs7eIYc=
github.com/hbstack/hb v0.16.2/go.mod h1:f17XbKHV29zgwV0OaayneXU1nMXFpQUdBYApAPNjFMo=
github.com/hbstack/header v0.16.6 h1:t8wUlpXAo7FTYutk1run6Slb8AqfJ3aNlFerZLy3FAw=
github.com/hbstack/header v0.16.6/go.mod h1:ZfeQNeNWaBeGPBZHtbRz2W9IWkmIoMrpOXoDsoYa/Gg=
github.com/hbstack/header/modules/language-picker v0.2.0 h1:RcmHUBqDYdWk2CpgwF82cqoeDBLhRU6gq2j73IXe+xw=
github.com/hbstack/header/modules/language-picker v0.2.0/go.mod h1:opUZ/a9pSxmdAj41mv6M854F9u9XxbEsxUfQuNZx4DU=
github.com/hbstack/header/modules/socials v0.2.2 h1:HZzeJg3Ncf0vv2QipccYYhSADVTG4Aqt1rYLml23u40=
github.com/hbstack/header/modules/socials v0.2.2/go.mod h1:oy5kARWoEresORePUcmtFax0wTgCA4U7jsxExltgHC0=
github.com/hbstack/header/modules/theme-toggle v0.5.2 h1:i04Ti4LdVFXXn9Qh7V341NNYmjvBpFwlXKfSc3Hv1Z8=
github.com/hbstack/header/modules/theme-toggle v0.5.2/go.mod h1:5WCCiPjN34SYO4CjhMlGgxv2N3r4NnjFLN/8PgiAeEc=
github.com/hbstack/socials v0.19.0 h1:d4cs1bObs0L+7iNel0X5N87MBY0wBiA02SbaVyi2klg=
github.com/hbstack/socials v0.19.0/go.mod h1:sUCnojrpGHuEnUOva8vHf3CBinJhpftcQemOCUtxY00=
github.com/hugomods/ascii v0.1.0 h1:c7E0nV3z7PiNchGXkIuFBWsKym17k0iOo+o6Bp6bw30=
github.com/hugomods/ascii v0.1.0/go.mod h1:vvC2YaCuNBWl/8F/mfk9vMxVpwXluH80cROV9TDpmLk=
github.com/hugomods/base v0.7.3 h1:HQ/eRGprVO6CyeHrMEFBEdl+zkpO4dYcIizgbhKwaVg=
github.com/hugomods/base v0.7.3/go.mod h1:hnWCPbVxuhXBwdFax3mmbMlWKmIo/7OP36MCLOyHtT4=
github.com/hugomods/font-awesome v6.7.1+incompatible h1:eM2vtHyQJVMnD9tgdGFbEgEiPh3sqnmu3EP3CFTyPLY=
github.com/hugomods/font-awesome v6.7.1+incompatible/go.mod h1:C2wW6xDvHkcMlJMVTPQ+Npt+rO0OGv13xT1iyll2z2Q=
github.com/hugomods/hugopress v0.5.0 h1:eQHg1aKnc5StGFnV5H0BORhE0UmHYpaWHnX9QNseHrw=
github.com/hugomods/hugopress v0.5.0/go.mod h1:CRYvr60xOkZOf4Atkuj+uEj2EH5pjJ39Ws3aJAkoMkA=
github.com/hugomods/icons v0.6.6 h1:gGlafcBDRP7sSID+tgLcWdog+s/QBj8DIfU+h9tZj1U=
github.com/hugomods/icons v0.6.6/go.mod h1:cIkSvK6W0q6N4U6n9KGz+QfRWQXAW0INd+1P31gPNGg=
github.com/hugomods/icons/vendors/bootstrap v0.5.11 h1:8gZnk0wR1JSC+07L7T1okJiGAva7V1rGnOIQYSsr4/8=
github.com/hugomods/icons/vendors/bootstrap v0.5.11/go.mod h1:PAN+bzB4MW4dkA2gZbmKRJQ6lskHzoosqZzlCTgPv0k=
github.com/hugomods/icons/vendors/font-awesome v0.6.12 h1:I8ckJFuxr8mD8bJ4NX9NrmnHd3f6XvITuD2ME8a9wXc=
github.com/hugomods/icons/vendors/font-awesome v0.6.12/go.mod h1:6YBo/5GaNpAocKwnKNWcd9xkliiRJXmwz2mstY5lr9I=
github.com/hugomods/icons/vendors/simple-icons v1.1.1 h1:ZM+Oi+U3glq+WuVMsoplkQpCnRLd6UU416NZCydtPvw=
github.com/hugomods/icons/vendors/simple-icons v1.1.1/go.mod h1:ZKdcZ++UGSRnEoaVL+MTth91x4NJRIe8aJOD8oAFcRA=
github.com/hugomods/seo/modules/base v0.1.3 h1:1RYumYqpmNTamOnoVjhu1u5S8dxx71awYcJaiIuJw60=
github.com/hugomods/seo/modules/base v0.1.3/go.mod h1:kKuDlSh6uMjNAfe4j1RFQze4HwTHVKWuLIRsMwENqxs=
github.com/hugomods/seo/modules/favicons v0.2.2 h1:EMpCg9ef2bexFM8uz4UGCyYtM+X4x/aQWK5/0VaP1Y0=
github.com/hugomods/seo/modules/favicons v0.2.2/go.mod h1:Bb/Se6JHet2xnWBa2vxmePR/gCBptqVB82oy0GwN/Y8=
github.com/hugomods/simple-icons v13.21.0+incompatible h1:ux9TN7I2oOw5uz4htrdhqFyjAeY+/KYCo3LmfnOfuWI=
github.com/hugomods/simple-icons v13.21.0+incompatible/go.mod h1:1Lvymol7AMVY7ji/o88jMoDHHZIJ5Wc+WwNe5hjmk+U=
github.com/twbs/bootstrap v5.3.8+incompatible h1:eK1fsXP7R/FWFt+sSNmmvUH9usPocf240nWVw7Dh02o=
github.com/twbs/bootstrap v5.3.8+incompatible/go.mod h1:fZTSrkpSf0/HkL0IIJzvVspTt1r9zuf7XlZau8kpcY0=
github.com/twbs/icons v1.13.1 h1:6bmNXvoeIbvjFWjfbjXg5JGbelLD1haIsMaEIzE9UZI=
github.com/twbs/icons v1.13.1/go.mod h1:GnRlymgVWp5iVJCMa0Me5b6tFyGpVc2bSxPMRGIJmyA=
