github.com/gohugoio/hugo-mod-jslibs-dist/popperjs/v2 v2.21100.20000 h1:GZxx4Hc+yb0/t3/rau1j8XlAxLE4CyXns2fqQbyqWfs=
github.com/gohugoio/hugo-mod-jslibs-dist/popperjs/v2 v2.21100.20000/go.mod h1:mFberT6ZtcchrsDtfvJM7aAH2bDKLdOnruUHl0hlapI=
github.com/hbstack/background-image v0.2.0 h1:wJJ4okZIUasDWcVNmkwSj9oxlj40Fpl3KKHVZ+1BFII=
github.com/hbstack/background-image v0.2.0/go.mod h1:2lZhfQwZy7SWVmRU/kPEaEgzgXypBnXBlipQweJbWPQ=
github.com/hbstack/background-image v0.2.1/go.mod h1:2lZhfQwZy7SWVmRU/kPEaEgzgXypBnXBlipQweJbWPQ=
github.com/hbstack/base v0.2.1 h1:u3lkO9MhjA6HomkJ6hzt0R7sA0u330bo6lbxVrF1FiI=
github.com/hbstack/base v0.2.1/go.mod h1:6SqazoH3UBSuwSHV1kyEDWcIJg+Cef++w8p45VSsSHQ=
github.com/hbstack/base v0.2.2/go.mod h1:hBRf/kdIQnd7iEhBxr6A+jMwwgJC76MbiAin1eUdHkQ=
github.com/hbstack/base v0.3.0/go.mod h1:8ZSFDZyhtd26eNdVF7QyPqmxRg2rCJFxjN1I2iYu5N8=
github.com/hbstack/base v0.4.0/go.mod h1:UrBBIY2xIIv3qLfHU5sX4Z1+vmWv0WuqXoSjco1huIc=
github.com/hbstack/base v0.4.1/go.mod h1:ihI8NSFogNNXLpt7vWEYTGgSWE9UvgnfyFKJqmyOauU=
github.com/hbstack/base v0.4.2/go.mod h1:TimBDf5axaS0vfBwKOo4+NMGO4Qy5G7P8s909I/nd2o=
github.com/hbstack/base v0.4.3/go.mod h1:J5A7oLAuKGyUU3SPhvwhZ9kWvVBRjWyWIANgR+6fppg=
github.com/hbstack/base v0.4.4/go.mod h1:oSKOFOxBtKd2zHjWq68SaF+zgtrNar9icGmRxDGPT0M=
github.com/hbstack/base v0.4.5/go.mod h1:03s6ySDgFTfhIKUc8y1C7xEp8eCtRp0NfYNY57myd1g=
github.com/hbstack/base v0.4.6/go.mod h1:+kxOsRxZqtZG4BF9Vmk8APlSSez95515EQqoz0xPK7M=
github.com/hbstack/base v0.5.0/go.mod h1:4A2bxdXMjpj4HSEnugN7hlFECiap4zUX56jOqtu4YPY=
github.com/hbstack/base v0.5.1/go.mod h1:4A2bxdXMjpj4HSEnugN7hlFECiap4zUX56jOqtu4YPY=
github.com/hbstack/base v0.5.2/go.mod h1:4A2bxdXMjpj4HSEnugN7hlFECiap4zUX56jOqtu4YPY=
github.com/hbstack/base v0.6.0/go.mod h1:4A2bxdXMjpj4HSEnugN7hlFECiap4zUX56jOqtu4YPY=
github.com/hbstack/base v0.6.1/go.mod h1:rDOIrQy8GKXqam3dvHPQnrvwadQByiGcDY1Q35wBrT4=
github.com/hbstack/base v0.6.2/go.mod h1:eO3xP3CJ2Dwc38+FjVqZuzmvT8dYF2D2Dw4Sx4pi9Ng=
github.com/hbstack/header v0.9.0 h1:lhFJYaaOSuuQ7/vavg9pULZ/po2JcoZrAiISh9Iqw70=
github.com/hbstack/header v0.9.0/go.mod h1:ihpMPmzro0155ZHtd3t95C1R5NN61JUZ/0Hng3GpiGo=
github.com/hbstack/header/modules/language-picker v0.1.14 h1:TqbubJw1QZksJ/q/jqcHcRhY3PLDDmoYnY+3bCowjsE=
github.com/hbstack/header/modules/language-picker v0.1.14/go.mod h1:rHukdXlCDa5duCRq74+gMSdYlx7iyTMYwq3gdYrDGRA=
github.com/hbstack/header/modules/language-picker v0.1.15/go.mod h1:QaGGd0KcagIHLLA4GfzV6Kz2nFj6GguWdbUUDka0Ygo=
github.com/hbstack/header/modules/language-picker v0.1.16/go.mod h1:l2+rZ+sPOS7sV/A4qAh6ByxD4P2L6aeSl5H/ldYQTO4=
github.com/hbstack/header/modules/language-picker v0.1.17/go.mod h1:nbdkbAXd0DlNJgfG/QPMQ56rfvD1n58YLI03XZeUEmU=
github.com/hbstack/header/modules/language-picker v0.1.18/go.mod h1:NktjHB9iRkmFH5rZ1XXPc7D40mcMOipDmKyCoxwGfxM=
github.com/hbstack/header/modules/language-picker v0.1.20/go.mod h1:aNct66xWjiQoxjNiUIGDA0gwvjPyyRQ5Qdww+BCPMuw=
github.com/hbstack/header/modules/language-picker v0.1.21/go.mod h1:vlKi+qkfV0AVXl910GTj432RPrvIIUgTbejBO/vahM4=
github.com/hbstack/header/modules/language-picker v0.1.22/go.mod h1:UdCrzSFw8kluHZL5Vyhi0q01SDqe9Vz6RG8y+mpXMhw=
github.com/hbstack/header/modules/language-picker v0.1.23/go.mod h1:rLN2zbcsGXWsyOfVedSEZk8V7N4/Nk/iyuVm8wjBkuM=
github.com/hbstack/header/modules/language-picker v0.1.24/go.mod h1:HeIUdvoG+2ni8dqQNnsUtOQVo1U8ydVBEowJ/U85KCA=
github.com/hbstack/header/modules/language-picker v0.1.25/go.mod h1:kkNF76Y6HJUA+sCAVVlhAR9UoKJirpnZSIT2z/9tyoo=
github.com/hbstack/header/modules/language-picker v0.1.26/go.mod h1:/U3czl4OdnIVkThN1hb1r0HCElgeCr4rZx0Rl/TCGME=
github.com/hbstack/header/modules/socials v0.1.20 h1:gA9SoyapmMxMhdKXvVepuZhkvqaenl8zkHtV+bpVi/4=
github.com/hbstack/header/modules/socials v0.1.20/go.mod h1:6XZezBRhEqDighVhF57mdJlUzlgpnmLy2UsI/blFBac=
github.com/hbstack/header/modules/socials v0.1.21/go.mod h1:SE4rxKlAQckRjF1ZIX8y3fSX1iHkrosf0T3bRFgvjYo=
github.com/hbstack/header/modules/socials v0.1.22/go.mod h1:6cKass3HgRKDDUChCB5uJYrs8y6kUprZFIBzaga985c=
github.com/hbstack/header/modules/socials v0.1.23/go.mod h1:wBLG4VnCNtVTD5XNGy1iwFsemCdTmroDV6+Ootoo4iY=
github.com/hbstack/header/modules/socials v0.1.24/go.mod h1:UU4FJT0/cqi/z4ttmBJlIQm9BdpEvuBaErmEBDVlPjc=
github.com/hbstack/header/modules/socials v0.1.26/go.mod h1:ppyvjpy6wg/WxgDWSHXATx51/ykpTgLpXAq3BhMqT7A=
github.com/hbstack/header/modules/socials v0.1.27/go.mod h1:5UmG5kRAdSeWSc7UuN+voFPq3hsKqMXfFZH+D0PNMO8=
github.com/hbstack/header/modules/socials v0.1.28/go.mod h1:N3tqnzmImktAMRJlwEBp7CX9zb2xrc4nyV4eSjNmGNM=
github.com/hbstack/header/modules/socials v0.2.0/go.mod h1:OoJfwBEicrezWzSF+F/mKuqCoo9FfP1nb8Oo4vmGWG8=
github.com/hbstack/header/modules/socials v0.2.1/go.mod h1:ntNP1E47dOuqKNPsw5XGsg0Wr9nAJhiGU8ZtZ33Ur8s=
github.com/hbstack/header/modules/socials v0.2.2/go.mod h1:oy5kARWoEresORePUcmtFax0wTgCA4U7jsxExltgHC0=
github.com/hbstack/header/modules/theme-toggle v0.1.14 h1:iC7ZRbNo72qn1Vudnu5DAn2pr0gONrTunrrMbG2lPok=
github.com/hbstack/header/modules/theme-toggle v0.1.14/go.mod h1:7W99Yalps+pF9HviB0UB+M7bjX/Xd+LA17O0JqKceUs=
github.com/hbstack/header/modules/theme-toggle v0.1.15/go.mod h1:AnZ6WvVqTfFJedWC86/mUPq57nxpy6AhrJ19Vy6SRvc=
github.com/hbstack/header/modules/theme-toggle v0.1.16/go.mod h1:ikTS/T02uyyOQa9U9PVq0oF1idbjQm+ieCMM8bNUQ4k=
github.com/hbstack/header/modules/theme-toggle v0.1.17/go.mod h1:Wv12j/hd0VYgif8ecd/l2JXXQpynOu+AUSvSBiFtKVU=
github.com/hbstack/header/modules/theme-toggle v0.1.18/go.mod h1:QFRunk14ktM/oYuYxlKOnJvw0ZPFTiPnSSbWwSYLLc4=
github.com/hbstack/header/modules/theme-toggle v0.1.20/go.mod h1:JBLtu7vWYBtTE7GTiI7vR5BpdSbW4V025h6lEDNaSik=
github.com/hbstack/header/modules/theme-toggle v0.2.0/go.mod h1:ljUc5lLVzRh7Fud+V0pob7c2CxIYPJe18++PGRAhLMI=
github.com/hbstack/header/modules/theme-toggle v0.2.1/go.mod h1:Nwcp4+cyMYquF5Jgo2EvOREBypvTqCpFd/0zpYg/4FI=
github.com/hbstack/header/modules/theme-toggle v0.3.1/go.mod h1:dlWVMYlCuvQOogTEU5AZUF0qLFu4niBUaVSoALvOTH4=
github.com/hbstack/header/modules/theme-toggle v0.4.0/go.mod h1:yRuGvwvQe+lzFzKa+L3Qw5UHpEKLzvArbC90jfo1EjY=
github.com/hbstack/header/modules/theme-toggle v0.4.1/go.mod h1:yRuGvwvQe+lzFzKa+L3Qw5UHpEKLzvArbC90jfo1EjY=
github.com/hbstack/header/modules/theme-toggle v0.4.2/go.mod h1:pnBI67A1fSzKJG1GC3YRWOQSHbk5ehuYyHljx1a5duc=
github.com/hbstack/header/modules/theme-toggle v0.4.3/go.mod h1:RnAxM/75D5uPWQ/9xsYIImgxfJEFGwS/BBklOXxd4hM=
github.com/hbstack/header/modules/theme-toggle v0.4.4/go.mod h1:s0wry+fpt4OJO49dwHSaDW2aux7SZ+zvX5t6wlWSw5k=
github.com/hbstack/header/modules/theme-toggle v0.5.0/go.mod h1:UDWiCLYAWmna+M4Uk5IDUgV4+zK1nvHUZiYvVfTj1YE=
github.com/hbstack/header/modules/theme-toggle v0.5.1/go.mod h1:EHXmyYT45ZhcUIXdL45lRG3HpxodbHSr4KpD9Ynhzfg=
github.com/hbstack/header/modules/theme-toggle v0.5.2/go.mod h1:5WCCiPjN34SYO4CjhMlGgxv2N3r4NnjFLN/8PgiAeEc=
github.com/hugomods/icons v0.6.0 h1:G6RU93okhPPRDh/jqcew9gwkcYpSpg0rCBv4S6yUAFw=
github.com/hugomods/icons v0.6.0/go.mod h1:cIkSvK6W0q6N4U6n9KGz+QfRWQXAW0INd+1P31gPNGg=
github.com/hugomods/icons/vendors/bootstrap v0.5.0 h1:CHEGk677heq2kJZa7XsGHRc3Hwizl9NFkmNw146OVm0=
github.com/hugomods/icons/vendors/bootstrap v0.5.0/go.mod h1:kfC17VWV+tNi6PGF4AY7CJBBa1/HEgWxCYq2kNOdcdI=
github.com/hugomods/icons/vendors/bootstrap v0.5.1/go.mod h1:tFEoO7zed/8FDT6LeKLGnzDbx7D8HK7ZaLshnF0RYjQ=
github.com/hugomods/icons/vendors/bootstrap v0.5.2/go.mod h1:O+9YwW2aJiOIC7R/zmSnoiZjiix1HMJD5J7NRLxRg+M=
github.com/hugomods/icons/vendors/bootstrap v0.5.3/go.mod h1:SuPcqO3u8gN4epmf+2L1G8pg6X3nXj2D6FYRWd+OIrw=
github.com/hugomods/icons/vendors/bootstrap v0.5.4/go.mod h1:DtuYP+dG9Sttfsggd9k09h/hapZBsel6JJ1vNetkaCg=
github.com/hugomods/icons/vendors/bootstrap v0.5.5/go.mod h1:DtuYP+dG9Sttfsggd9k09h/hapZBsel6JJ1vNetkaCg=
github.com/hugomods/icons/vendors/bootstrap v0.5.6/go.mod h1:Sw1RhQvFcsQlJ5a4SKpp7A0XHDYQ0DK0pQwnnx+l+Ao=
github.com/hugomods/icons/vendors/bootstrap v0.5.7/go.mod h1:bTxiIPJ/idHEc35EtvtwSODLpjI+R54BkGdikO3gCmY=
github.com/hugomods/icons/vendors/font-awesome v0.6.1 h1:MyYF67fPthN4EDkT/IwY0ydowxzE6J/oKFTltOCY2vY=
github.com/hugomods/icons/vendors/font-awesome v0.6.1/go.mod h1:kmMci4qX8yTQPT28sskzKRudJiQAAiZZugjNbkakRhk=
github.com/hugomods/icons/vendors/font-awesome v0.6.2/go.mod h1:S7BE6/wpDplzG9uTnZqG6Q7ruMFi8MN1R+DqE8gNc3Y=
github.com/hugomods/icons/vendors/font-awesome v0.6.3/go.mod h1:S7BE6/wpDplzG9uTnZqG6Q7ruMFi8MN1R+DqE8gNc3Y=
github.com/hugomods/icons/vendors/font-awesome v0.6.4/go.mod h1:IgzWg991046eqnwM3e+kCnMEQASnIdA7MvBXMY+s/W4=
github.com/hugomods/icons/vendors/font-awesome v0.6.5/go.mod h1:olo6073bAL17apxc7lTLfQKpT9sIam8Zx+d9lrCwV/o=
github.com/hugomods/icons/vendors/font-awesome v0.6.6/go.mod h1:2IVdmnq+IWCnPFYsvbxq59dTuW3+prPLerpu8Ezobro=
github.com/hugomods/icons/vendors/font-awesome v0.6.7/go.mod h1:aVL3nnSpH24/y4NJTNow1IWDbkLewDUuZUc1EYJIQAg=
github.com/hugomods/icons/vendors/font-awesome v0.6.8/go.mod h1:IwJEJX8eFwDFCcxMjFBIgVWlPTf16yFVk78Rc3RUBjs=
github.com/hugomods/icons/vendors/simple-icons v1.0.13 h1:zLR5GIZbCOjH2Ez+0xjbR0Bea5ViAz2I9iRZ0HuDD/4=
github.com/hugomods/icons/vendors/simple-icons v1.0.13/go.mod h1:Ks+LDP1NgOaceeXthrkv6z/r8cJYPMp5uaYPpSrs13M=
github.com/hugomods/icons/vendors/simple-icons v1.0.14/go.mod h1:1CN0iptqBWzNBodMiduk0Pq5i/2fYQqaeNcCjyasDGE=
github.com/hugomods/icons/vendors/simple-icons v1.0.15/go.mod h1:oHaOlQ4ihibUBN59q0UT8yiTJ7RkgcSB14F9lCRBw10=
github.com/hugomods/icons/vendors/simple-icons v1.0.16/go.mod h1:BV4f9pZ5cIHqMskgrsAR2/FKXIfD2WPidUTK27Y5E8Y=
github.com/hugomods/icons/vendors/simple-icons v1.0.17/go.mod h1:SMVLm5zll8PIeX3+jRalh83amsynIlL+Zha/8ZXKn68=
github.com/hugomods/icons/vendors/simple-icons v1.0.18/go.mod h1:8pAAI7UX84AUnxTRCVJ8u9oZUgeRHteLnkZwbf+ogKc=
github.com/hugomods/icons/vendors/simple-icons v1.0.19/go.mod h1:9MeUCHoTT5TXJnS+YRv5ML8VZrDBvYEJx0sWjw0hHfM=
github.com/hugomods/icons/vendors/simple-icons v1.0.20/go.mod h1:8wbqQIjRS1HdnGDhTIhgfpHjfRDU5/k3223eEVJYyeE=
github.com/hugomods/icons/vendors/simple-icons v1.0.21/go.mod h1:l5nhvpMaZiL2iVTl0KCvOE5PzXUfXsODQiQ5u7fqX9w=
github.com/hugomods/icons/vendors/simple-icons v1.0.22/go.mod h1:baULjal4gCvJeiuE4BMxkR2Gh1IWhVvJRJ0FJiSxMwo=
github.com/hugomods/icons/vendors/simple-icons v1.0.23/go.mod h1:o6weSXwunOIg3Gu3XoA5ZHo1vBzJRhKpbJJBdIb1Rpg=
github.com/hugomods/icons/vendors/simple-icons v1.0.24/go.mod h1:de5K5DTbhux0E8u9stiNIqtJ5O/k29xOAqoYTnhsKMw=
github.com/hugomods/icons/vendors/simple-icons v1.0.25/go.mod h1:Yi5H1QtUn2ijo/jEkgjHi5i5jnjIkmREZuJ1qzuRqh0=
github.com/hugomods/icons/vendors/simple-icons v1.0.26/go.mod h1:TM3sfNzBmqrckH18wYC0ksdsqvZFpZULE0gnbSeNoUY=
github.com/hugomods/icons/vendors/simple-icons v1.0.27/go.mod h1:1JLmxEWlmmxE67YzC/CbP19QEfFMoucbLzMWvJ5N4DQ=
github.com/hugomods/icons/vendors/simple-icons v1.0.28/go.mod h1:p1h2vSOPRPf+wlqISlrZPNZqF6dLdg4T0l9A05KM4BM=
github.com/hugomods/icons/vendors/simple-icons v1.0.29/go.mod h1:xarNh9bs80owlZgbN9TP894ITqsjiClD3B/JIJtfYL8=
github.com/hugomods/icons/vendors/simple-icons v1.0.30/go.mod h1:xarNh9bs80owlZgbN9TP894ITqsjiClD3B/JIJtfYL8=
github.com/hugomods/icons/vendors/simple-icons v1.0.31/go.mod h1:mXoItc29/obFr5EOEiDmrLMZQ+3juCch3YyQ8Jo6ElA=
github.com/hugomods/icons/vendors/simple-icons v1.0.32/go.mod h1:l038jUYiTs8kdeAcGBVj4cuP25KQku6gb/H0NDjix3Y=
github.com/hugomods/icons/vendors/simple-icons v1.0.33/go.mod h1:La0IFKLpjIf2fJduy4tD89ZYlyv8rfcDA+WW5enNUFM=
github.com/hugomods/icons/vendors/simple-icons v1.0.34/go.mod h1:5gxe7UQ8FingkIsuIid/a3C0BwhH9aYtCzwjf/2Cm/o=
github.com/hugomods/icons/vendors/simple-icons v1.0.35/go.mod h1:uc0Ig96nm0s46VMxdy1Hzy9BEmLq0c1nIbPzuMlgILI=
github.com/hugomods/icons/vendors/simple-icons v1.0.36/go.mod h1:831A05oHGziqogtDl3NW7ZjtHpnPTzhK/w/19/mnH+E=
github.com/hugomods/icons/vendors/simple-icons v1.0.37/go.mod h1:YnC8ZUSGAKOhW3aY8qugJLe6w5Ck/k8EXBzGmKN5YdA=
github.com/hugomods/icons/vendors/simple-icons v1.0.38/go.mod h1:XhswsNEfVeOhYACVe9+IIN7Z2AN0keT1ddnWv/vHp9A=
github.com/hugomods/icons/vendors/simple-icons v1.0.39/go.mod h1:Y+C3h6tOJ938GK7dqUxC7nYPtcIcmKOFLlWaikRv+8c=
github.com/hugomods/icons/vendors/simple-icons v1.0.40/go.mod h1:594XsVTJ2lgbzAUy/4OopxsZEeAOKmg8GfOBwiBiCe8=
github.com/hugomods/icons/vendors/simple-icons v1.0.41/go.mod h1:LppcJG9cNDKHw5NRGmyGPBsZoqo+I18HegEgmo2/LVg=
github.com/hugomods/icons/vendors/simple-icons v1.0.42/go.mod h1:fjtQc/rNlpZdGmcT7vmOGbh33/xMD1EKqloJ+A2/1Eo=
github.com/hugomods/icons/vendors/simple-icons v1.0.43/go.mod h1:4XiukTwoxx4f9qLYUsSppODCq7mQx/P/cJp2UDHzECw=
github.com/hugomods/icons/vendors/simple-icons v1.0.44/go.mod h1:7LcqEe8I+bPorVukiTA8m+HHKH/i413NgyItgGuhtRQ=
github.com/hugomods/icons/vendors/simple-icons v1.0.45/go.mod h1:uCOLQy1qICLIFyWZMPUG5FCH2nJEFvZRjEZ4UM4Pvto=
github.com/hugomods/icons/vendors/simple-icons v1.0.46/go.mod h1:OkG7GY2x/zFC9k3ueYcm2vmtNhIMczRb188FLfg+mJI=
github.com/hugomods/icons/vendors/simple-icons v1.0.47/go.mod h1:+OxJaLg5ElwlUW/JhUq7IeuXg0tKLoB8MaOhkWQW0Eg=
github.com/hugomods/icons/vendors/simple-icons v1.0.48/go.mod h1:OW3DGGP2A2ArBfZWjnLsiZShjXr2fltoP57HySYrsTg=
github.com/hugomods/icons/vendors/simple-icons v1.0.49/go.mod h1:K3F3oFb6euvhpRXzWw8sSO+c68uZJZAcazuzxT8XIhc=
github.com/hugomods/icons/vendors/simple-icons v1.0.50/go.mod h1:yc7MBoWIZX7Da0f6beE/Ppxmp7/stWqyGZRZMBErVJw=
github.com/hugomods/icons/vendors/simple-icons v1.0.51/go.mod h1:Uk4BMaWL6ohfjicOQEPZJuhCgWD9beDOkJ8+3zD0m2Q=
github.com/hugomods/icons/vendors/simple-icons v1.0.52/go.mod h1:JkyLPirnYf5HbI2GUZ4O2PGDMA9BsBfNSakPfrOoG00=
github.com/hugomods/icons/vendors/simple-icons v1.0.53/go.mod h1:uhL0lxvPii4EnmJhJcG0yvzgzoGDxw6+95Ouzez+jvc=
github.com/hugomods/icons/vendors/simple-icons v1.0.54/go.mod h1:lAfVp+/D/p4trFjOYi4E+xjzOi4Pp0Sn1r32AhGofXc=
github.com/hugomods/icons/vendors/simple-icons v1.0.55/go.mod h1:DgADd72ssALNAevP4aSMLRFRIdvbPaMA5FKTWfFA+lc=
github.com/hugomods/icons/vendors/simple-icons v1.0.56/go.mod h1:amg6gmRchBb2zrdPIbLAqXViVtNplSvnYL+MZrZSX6g=
github.com/hugomods/seo/modules/favicons v0.2.0 h1:pzQMocbHHMNNiuE5vsCxE4qqaJBprYAUX4EOoiF+ynM=
github.com/hugomods/seo/modules/favicons v0.2.0/go.mod h1:xFDhrpWUZR4NMMVkilzT6xFBHiF5eyCQ8PlzOS2K9lY=
github.com/hugomods/seo/modules/favicons v0.2.1/go.mod h1:xFDhrpWUZR4NMMVkilzT6xFBHiF5eyCQ8PlzOS2K9lY=
github.com/hugomods/seo/modules/favicons v0.2.2/go.mod h1:Bb/Se6JHet2xnWBa2vxmePR/gCBptqVB82oy0GwN/Y8=
github.com/twbs/bootstrap v5.3.2+incompatible h1:tuiO5acc6xnZUR77Sbi5aKWXxjYxbmsSbJwYrhAKoQQ=
github.com/twbs/bootstrap v5.3.2+incompatible/go.mod h1:fZTSrkpSf0/HkL0IIJzvVspTt1r9zuf7XlZau8kpcY0=
github.com/twbs/bootstrap v5.3.3+incompatible/go.mod h1:fZTSrkpSf0/HkL0IIJzvVspTt1r9zuf7XlZau8kpcY0=
