github.com/gohugoio/hugo-mod-jslibs-dist/popperjs/v2 v2.21100.20000 h1:GZxx4Hc+yb0/t3/rau1j8XlAxLE4CyXns2fqQbyqWfs=
github.com/gohugoio/hugo-mod-jslibs-dist/popperjs/v2 v2.21100.20000/go.mod h1:mFberT6ZtcchrsDtfvJM7aAH2bDKLdOnruUHl0hlapI=
github.com/hbstack/background-image v0.1.1 h1:bI/yeQDnISAadXl/TGEpQBPhSF6uKmtSMxxqZ47byNo=
github.com/hbstack/background-image v0.1.1/go.mod h1:KsoEKad66gNJQmFiudqrrPq8XKkIkrHn53tp32DzfSY=
github.com/hbstack/base v0.2.1 h1:u3lkO9MhjA6HomkJ6hzt0R7sA0u330bo6lbxVrF1FiI=
github.com/hbstack/base v0.2.1/go.mod h1:6SqazoH3UBSuwSHV1kyEDWcIJg+Cef++w8p45VSsSHQ=
github.com/hbstack/footer v0.2.4 h1:zWB1BaanVxCQ/rpmo4bpREo4OyNo7sYTL3wjPH9Y35E=
github.com/hbstack/footer v0.2.4/go.mod h1:L0ZYdYRROlGUGLRA9QchkYeByHIff/EU4WKRdAUW+E8=
github.com/hbstack/hb v0.7.1 h1:bnlE/KrhOKADI5aydZG822kT1o9QR8I8TdOWugqaMJE=
github.com/hbstack/hb v0.7.1/go.mod h1:S/08mx1tK6yxjQIkSqvpqG8HrBzMBDJq1WC5QjXW9p0=
github.com/hbstack/header v0.9.0 h1:lhFJYaaOSuuQ7/vavg9pULZ/po2JcoZrAiISh9Iqw70=
github.com/hbstack/header v0.9.0/go.mod h1:ihpMPmzro0155ZHtd3t95C1R5NN61JUZ/0Hng3GpiGo=
github.com/hbstack/header/modules/language-picker v0.1.14 h1:TqbubJw1QZksJ/q/jqcHcRhY3PLDDmoYnY+3bCowjsE=
github.com/hbstack/header/modules/language-picker v0.1.14/go.mod h1:rHukdXlCDa5duCRq74+gMSdYlx7iyTMYwq3gdYrDGRA=
github.com/hbstack/header/modules/socials v0.1.20 h1:gA9SoyapmMxMhdKXvVepuZhkvqaenl8zkHtV+bpVi/4=
github.com/hbstack/header/modules/socials v0.1.20/go.mod h1:6XZezBRhEqDighVhF57mdJlUzlgpnmLy2UsI/blFBac=
github.com/hbstack/header/modules/theme-toggle v0.1.14 h1:iC7ZRbNo72qn1Vudnu5DAn2pr0gONrTunrrMbG2lPok=
github.com/hbstack/header/modules/theme-toggle v0.1.14/go.mod h1:7W99Yalps+pF9HviB0UB+M7bjX/Xd+LA17O0JqKceUs=
github.com/hugomods/icons v0.6.0 h1:G6RU93okhPPRDh/jqcew9gwkcYpSpg0rCBv4S6yUAFw=
github.com/hugomods/icons/vendors/bootstrap v0.5.0 h1:CHEGk677heq2kJZa7XsGHRc3Hwizl9NFkmNw146OVm0=
github.com/hugomods/icons/vendors/bootstrap v0.5.0/go.mod h1:kfC17VWV+tNi6PGF4AY7CJBBa1/HEgWxCYq2kNOdcdI=
github.com/hugomods/icons/vendors/font-awesome v0.6.1 h1:MyYF67fPthN4EDkT/IwY0ydowxzE6J/oKFTltOCY2vY=
github.com/hugomods/icons/vendors/font-awesome v0.6.1/go.mod h1:kmMci4qX8yTQPT28sskzKRudJiQAAiZZugjNbkakRhk=
github.com/hugomods/icons/vendors/simple-icons v1.0.13 h1:zLR5GIZbCOjH2Ez+0xjbR0Bea5ViAz2I9iRZ0HuDD/4=
github.com/hugomods/icons/vendors/simple-icons v1.0.13/go.mod h1:Ks+LDP1NgOaceeXthrkv6z/r8cJYPMp5uaYPpSrs13M=
github.com/hugomods/seo/modules/favicons v0.2.0 h1:pzQMocbHHMNNiuE5vsCxE4qqaJBprYAUX4EOoiF+ynM=
github.com/hugomods/seo/modules/favicons v0.2.0/go.mod h1:xFDhrpWUZR4NMMVkilzT6xFBHiF5eyCQ8PlzOS2K9lY=
